{
  "name": "stdb-cli-docs",
  "version": "1.0.0",
  "lockfileVersion": 3,
  "requires": true,
  "packages": {
    "": {
      "name": "stdb-cli-docs",
      "version": "1.0.0",
      "license": "ISC",
      "dependencies": {
        "astexplorer-syn": "^2.0.15"
      }
    },
    "node_modules/astexplorer-syn": {
      "version": "2.0.15",
      "resolved": "https://registry.npmjs.org/astexplorer-syn/-/astexplorer-syn-2.0.15.tgz",
      "integrity": "sha512-G3i5ZRKaPcfUqY2/40t+P4Jng60t5TSKbai3dTZFIxEYzZ1mHAx8jPf/PfWYfNrq17YeE704xQrKa3OBw3Ka5Q=="
    }
  }
}
